
Microsoft Visual Studio Solution File, Format Version 12.00
# Visual Studio Express 2012 for Windows Desktop
Project("{FAE04EC0-301F-11D3-BF4B-00C04F79EFBC}") = "Ode.Net", "Ode.Net\Ode.Net.csproj", "{7565E6F1-37E7-41D3-9C38-FC0CC07A5472}"
EndProject
Project("{FAE04EC0-301F-11D3-BF4B-00C04F79EFBC}") = "Ode.Net.UnitTests", "Ode.Net.UnitTests\Ode.Net.UnitTests.csproj", "{868110F6-D796-4762-A269-8F86E55F8ECA}"
EndProject
Project("{2150E333-8FDC-42A3-9474-1A3956D46DE8}") = ".nuget", ".nuget", "{8D7E103D-232C-498F-87A6-A1678EA6CB1F}"
	ProjectSection(SolutionItems) = preProject
		.nuget\NuGet.Config = .nuget\NuGet.Config
		.nuget\NuGet.exe = .nuget\NuGet.exe
		.nuget\NuGet.targets = .nuget\NuGet.targets
	EndProjectSection
EndProject
Global
	GlobalSection(SolutionConfigurationPlatforms) = preSolution
		DebugDouble|Any CPU = DebugDouble|Any CPU
		DebugSingle|Any CPU = DebugSingle|Any CPU
		ReleaseDouble|Any CPU = ReleaseDouble|Any CPU
		ReleaseSingle|Any CPU = ReleaseSingle|Any CPU
	EndGlobalSection
	GlobalSection(ProjectConfigurationPlatforms) = postSolution
		{7565E6F1-37E7-41D3-9C38-FC0CC07A5472}.DebugDouble|Any CPU.ActiveCfg = DebugDouble|Any CPU
		{7565E6F1-37E7-41D3-9C38-FC0CC07A5472}.DebugDouble|Any CPU.Build.0 = DebugDouble|Any CPU
		{7565E6F1-37E7-41D3-9C38-FC0CC07A5472}.DebugSingle|Any CPU.ActiveCfg = DebugSingle|Any CPU
		{7565E6F1-37E7-41D3-9C38-FC0CC07A5472}.DebugSingle|Any CPU.Build.0 = DebugSingle|Any CPU
		{7565E6F1-37E7-41D3-9C38-FC0CC07A5472}.ReleaseDouble|Any CPU.ActiveCfg = ReleaseDouble|Any CPU
		{7565E6F1-37E7-41D3-9C38-FC0CC07A5472}.ReleaseDouble|Any CPU.Build.0 = ReleaseDouble|Any CPU
		{7565E6F1-37E7-41D3-9C38-FC0CC07A5472}.ReleaseSingle|Any CPU.ActiveCfg = ReleaseSingle|Any CPU
		{7565E6F1-37E7-41D3-9C38-FC0CC07A5472}.ReleaseSingle|Any CPU.Build.0 = ReleaseSingle|Any CPU
		{868110F6-D796-4762-A269-8F86E55F8ECA}.DebugDouble|Any CPU.ActiveCfg = DebugDouble|Any CPU
		{868110F6-D796-4762-A269-8F86E55F8ECA}.DebugDouble|Any CPU.Build.0 = DebugDouble|Any CPU
		{868110F6-D796-4762-A269-8F86E55F8ECA}.DebugSingle|Any CPU.ActiveCfg = DebugSingle|Any CPU
		{868110F6-D796-4762-A269-8F86E55F8ECA}.DebugSingle|Any CPU.Build.0 = DebugSingle|Any CPU
		{868110F6-D796-4762-A269-8F86E55F8ECA}.ReleaseDouble|Any CPU.ActiveCfg = ReleaseDouble|Any CPU
		{868110F6-D796-4762-A269-8F86E55F8ECA}.ReleaseDouble|Any CPU.Build.0 = ReleaseDouble|Any CPU
		{868110F6-D796-4762-A269-8F86E55F8ECA}.ReleaseSingle|Any CPU.ActiveCfg = ReleaseSingle|Any CPU
		{868110F6-D796-4762-A269-8F86E55F8ECA}.ReleaseSingle|Any CPU.Build.0 = ReleaseSingle|Any CPU
	EndGlobalSection
	GlobalSection(SolutionProperties) = preSolution
		HideSolutionNode = FALSE
	EndGlobalSection
EndGlobal
